
Microsoft Visual Studio Solution File, Format Version 12.00
# Visual Studio Version 17
VisualStudioVersion = 17.4.33110.190
MinimumVisualStudioVersion = 10.0.40219.1
Project("{888888A0-9F3D-457C-B088-3A5042F75D52}") = "BinaryConverter", "BinaryConverter\BinaryConverter.pyproj", "{90521C2E-1DE5-41BE-B096-DBF6EE8D5ECF}"
EndProject
Global
	GlobalSection(SolutionConfigurationPlatforms) = preSolution
		Debug|Any CPU = Debug|Any CPU
		Release|Any CPU = Release|Any CPU
	EndGlobalSection
	GlobalSection(ProjectConfigurationPlatforms) = postSolution
		{90521C2E-1DE5-41BE-B096-DBF6EE8D5ECF}.Debug|Any CPU.ActiveCfg = Debug|Any CPU
		{90521C2E-1DE5-41BE-B096-DBF6EE8D5ECF}.Release|Any CPU.ActiveCfg = Release|Any CPU
	EndGlobalSection
	GlobalSection(SolutionProperties) = preSolution
		HideSolutionNode = FALSE
	EndGlobalSection
	GlobalSection(ExtensibilityGlobals) = postSolution
		SolutionGuid = {4D60DF81-B501-4389-B598-EA405987CBF4}
	EndGlobalSection
EndGlobal
